
Microsoft Visual Studio Solution File, Format Version 12.00
# Visual Studio Version 17
VisualStudioVersion = 17.9.34701.34
MinimumVisualStudioVersion = 10.0.40219.1
Project("{FAE04EC0-301F-11D3-BF4B-00C04F79EFBC}") = "WebAppGitCpmmands", "WebAppGitCpmmands\WebAppGitCpmmands.csproj", "{0F9237EB-297E-4028-A03A-53D1346C380B}"
EndProject
Global
	GlobalSection(SolutionConfigurationPlatforms) = preSolution
		Debug|Any CPU = Debug|Any CPU
		Release|Any CPU = Release|Any CPU
	EndGlobalSection
	GlobalSection(ProjectConfigurationPlatforms) = postSolution
		{0F9237EB-297E-4028-A03A-53D1346C380B}.Debug|Any CPU.ActiveCfg = Debug|Any CPU
		{0F9237EB-297E-4028-A03A-53D1346C380B}.Debug|Any CPU.Build.0 = Debug|Any CPU
		{0F9237EB-297E-4028-A03A-53D1346C380B}.Release|Any CPU.ActiveCfg = Release|Any CPU
		{0F9237EB-297E-4028-A03A-53D1346C380B}.Release|Any CPU.Build.0 = Release|Any CPU
	EndGlobalSection
	GlobalSection(SolutionProperties) = preSolution
		HideSolutionNode = FALSE
	EndGlobalSection
	GlobalSection(ExtensibilityGlobals) = postSolution
		SolutionGuid = {05517028-38E3-4F91-9BEC-AD8DA97F3094}
	EndGlobalSection
EndGlobal
